
Microsoft Visual Studio Solution File, Format Version 12.00
# Visual Studio 14
VisualStudioVersion = 14.0.25420.1
MinimumVisualStudioVersion = 10.0.40219.1
Project("{FAE04EC0-301F-11D3-BF4B-00C04F79EFBC}") = "Products", "Products\Products.csproj", "{1D3B6A5F-C62C-46C1-A728-3B4ECF191633}"
EndProject
Project("{FAE04EC0-301F-11D3-BF4B-00C04F79EFBC}") = "EditProduct", "EditProduct\EditProduct.csproj", "{7FAC268C-68ED-4341-8555-2ECC2CBDFDC5}"
EndProject
Global
	GlobalSection(SolutionConfigurationPlatforms) = preSolution
		Debug|Any CPU = Debug|Any CPU
		Release|Any CPU = Release|Any CPU
	EndGlobalSection
	GlobalSection(ProjectConfigurationPlatforms) = postSolution
		{1D3B6A5F-C62C-46C1-A728-3B4ECF191633}.Debug|Any CPU.ActiveCfg = Debug|Any CPU
		{1D3B6A5F-C62C-46C1-A728-3B4ECF191633}.Debug|Any CPU.Build.0 = Debug|Any CPU
		{1D3B6A5F-C62C-46C1-A728-3B4ECF191633}.Release|Any CPU.ActiveCfg = Release|Any CPU
		{1D3B6A5F-C62C-46C1-A728-3B4ECF191633}.Release|Any CPU.Build.0 = Release|Any CPU
		{7FAC268C-68ED-4341-8555-2ECC2CBDFDC5}.Debug|Any CPU.ActiveCfg = Debug|Any CPU
		{7FAC268C-68ED-4341-8555-2ECC2CBDFDC5}.Debug|Any CPU.Build.0 = Debug|Any CPU
		{7FAC268C-68ED-4341-8555-2ECC2CBDFDC5}.Release|Any CPU.ActiveCfg = Release|Any CPU
		{7FAC268C-68ED-4341-8555-2ECC2CBDFDC5}.Release|Any CPU.Build.0 = Release|Any CPU
	EndGlobalSection
	GlobalSection(SolutionProperties) = preSolution
		HideSolutionNode = FALSE
	EndGlobalSection
EndGlobal
